// !$*UTF8*$!
{
	archiveVersion = 1;
	classes = {
	};
	objectVersion = 56;
	objects = {

/* Begin PBXBuildFile section */
		962CC1002968895D00E1F4C2 /* ProfileSideMenuView.swift in Sources */ = {isa = PBXBuildFile; fileRef = 962CC0FF2968895D00E1F4C2 /* ProfileSideMenuView.swift */; };
		962CC102296A0D0700E1F4C2 /* ProfileModel.swift in Sources */ = {isa = PBXBuildFile; fileRef = 962CC101296A0D0700E1F4C2 /* ProfileModel.swift */; };
		962CC104296A0D7200E1F4C2 /* ProfileViewModel.swift in Sources */ = {isa = PBXBuildFile; fileRef = 962CC103296A0D7200E1F4C2 /* ProfileViewModel.swift */; };
		962CC106296CA0DB00E1F4C2 /* SelectProfileView.swift in Sources */ = {isa = PBXBuildFile; fileRef = 962CC105296CA0DB00E1F4C2 /* SelectProfileView.swift */; };
		96E3CC352948A053002348CE /* Balance_ManagerApp.swift in Sources */ = {isa = PBXBuildFile; fileRef = 96E3CC342948A053002348CE /* Balance_ManagerApp.swift */; };
		96E3CC392948A055002348CE /* Assets.xcassets in Resources */ = {isa = PBXBuildFile; fileRef = 96E3CC382948A055002348CE /* Assets.xcassets */; };
		96E3CC3C2948A055002348CE /* Preview Assets.xcassets in Resources */ = {isa = PBXBuildFile; fileRef = 96E3CC3B2948A055002348CE /* Preview Assets.xcassets */; };
		96E3CC452948A0A9002348CE /* BalanceView.swift in Sources */ = {isa = PBXBuildFile; fileRef = 96E3CC442948A0A9002348CE /* BalanceView.swift */; };
		96E3CC472948A4DF002348CE /* AdditionModel.swift in Sources */ = {isa = PBXBuildFile; fileRef = 96E3CC462948A4DF002348CE /* AdditionModel.swift */; };
		96E3CC492948A8F6002348CE /* BalanceRowView.swift in Sources */ = {isa = PBXBuildFile; fileRef = 96E3CC482948A8F6002348CE /* BalanceRowView.swift */; };
		96E3CC4B2948A9A3002348CE /* FinalizedBalanceView.swift in Sources */ = {isa = PBXBuildFile; fileRef = 96E3CC4A2948A9A3002348CE /* FinalizedBalanceView.swift */; };
		96E3CC4D2948B845002348CE /* BalanceRowDetailView.swift in Sources */ = {isa = PBXBuildFile; fileRef = 96E3CC4C2948B844002348CE /* BalanceRowDetailView.swift */; };
		96E3CC502948C4BA002348CE /* BalanceViewModel.swift in Sources */ = {isa = PBXBuildFile; fileRef = 96E3CC4F2948C4BA002348CE /* BalanceViewModel.swift */; };
/* End PBXBuildFile section */

/* Begin PBXFileReference section */
		962CC0FF2968895D00E1F4C2 /* ProfileSideMenuView.swift */ = {isa = PBXFileReference; lastKnownFileType = sourcecode.swift; path = ProfileSideMenuView.swift; sourceTree = "<group>"; };
		962CC101296A0D0700E1F4C2 /* ProfileModel.swift */ = {isa = PBXFileReference; lastKnownFileType = sourcecode.swift; path = ProfileModel.swift; sourceTree = "<group>"; };
		962CC103296A0D7200E1F4C2 /* ProfileViewModel.swift */ = {isa = PBXFileReference; lastKnownFileType = sourcecode.swift; path = ProfileViewModel.swift; sourceTree = "<group>"; };
		962CC105296CA0DB00E1F4C2 /* SelectProfileView.swift */ = {isa = PBXFileReference; lastKnownFileType = sourcecode.swift; path = SelectProfileView.swift; sourceTree = "<group>"; };
		96E3CC312948A053002348CE /* Balance Manager.app */ = {isa = PBXFileReference; explicitFileType = wrapper.application; includeInIndex = 0; path = "Balance Manager.app"; sourceTree = BUILT_PRODUCTS_DIR; };
		96E3CC342948A053002348CE /* Balance_ManagerApp.swift */ = {isa = PBXFileReference; lastKnownFileType = sourcecode.swift; path = Balance_ManagerApp.swift; sourceTree = "<group>"; };
		96E3CC382948A055002348CE /* Assets.xcassets */ = {isa = PBXFileReference; lastKnownFileType = folder.assetcatalog; path = Assets.xcassets; sourceTree = "<group>"; };
		96E3CC3B2948A055002348CE /* Preview Assets.xcassets */ = {isa = PBXFileReference; lastKnownFileType = folder.assetcatalog; path = "Preview Assets.xcassets"; sourceTree = "<group>"; };
		96E3CC442948A0A9002348CE /* BalanceView.swift */ = {isa = PBXFileReference; lastKnownFileType = sourcecode.swift; path = BalanceView.swift; sourceTree = "<group>"; };
		96E3CC462948A4DF002348CE /* AdditionModel.swift */ = {isa = PBXFileReference; lastKnownFileType = sourcecode.swift; path = AdditionModel.swift; sourceTree = "<group>"; };
		96E3CC482948A8F6002348CE /* BalanceRowView.swift */ = {isa = PBXFileReference; lastKnownFileType = sourcecode.swift; path = BalanceRowView.swift; sourceTree = "<group>"; };
		96E3CC4A2948A9A3002348CE /* FinalizedBalanceView.swift */ = {isa = PBXFileReference; lastKnownFileType = sourcecode.swift; path = FinalizedBalanceView.swift; sourceTree = "<group>"; };
		96E3CC4C2948B844002348CE /* BalanceRowDetailView.swift */ = {isa = PBXFileReference; lastKnownFileType = sourcecode.swift; path = BalanceRowDetailView.swift; sourceTree = "<group>"; };
		96E3CC4F2948C4BA002348CE /* BalanceViewModel.swift */ = {isa = PBXFileReference; lastKnownFileType = sourcecode.swift; path = BalanceViewModel.swift; sourceTree = "<group>"; };
/* End PBXFileReference section */

/* Begin PBXFrameworksBuildPhase section */
		96E3CC2E2948A053002348CE /* Frameworks */ = {
			isa = PBXFrameworksBuildPhase;
			buildActionMask = 2147483647;
			files = (
			);
			runOnlyForDeploymentPostprocessing = 0;
		};
/* End PBXFrameworksBuildPhase section */

/* Begin PBXGroup section */
		96E3CC282948A053002348CE = {
			isa = PBXGroup;
			children = (
				96E3CC332948A053002348CE /* Balance Manager */,
				96E3CC322948A053002348CE /* Products */,
			);
			sourceTree = "<group>";
		};
		96E3CC322948A053002348CE /* Products */ = {
			isa = PBXGroup;
			children = (
				96E3CC312948A053002348CE /* Balance Manager.app */,
			);
			name = Products;
			sourceTree = "<group>";
		};
		96E3CC332948A053002348CE /* Balance Manager */ = {
			isa = PBXGroup;
			children = (
				96E3CC432948A08F002348CE /* Models */,
				96E3CC4E2948C471002348CE /* ViewModels */,
				96E3CC422948A08B002348CE /* Views */,
				96E3CC342948A053002348CE /* Balance_ManagerApp.swift */,
				96E3CC382948A055002348CE /* Assets.xcassets */,
				96E3CC3A2948A055002348CE /* Preview Content */,
			);
			path = "Balance Manager";
			sourceTree = "<group>";
		};
		96E3CC3A2948A055002348CE /* Preview Content */ = {
			isa = PBXGroup;
			children = (
				96E3CC3B2948A055002348CE /* Preview Assets.xcassets */,
			);
			path = "Preview Content";
			sourceTree = "<group>";
		};
		96E3CC422948A08B002348CE /* Views */ = {
			isa = PBXGroup;
			children = (
				96E3CC442948A0A9002348CE /* BalanceView.swift */,
				96E3CC482948A8F6002348CE /* BalanceRowView.swift */,
				96E3CC4A2948A9A3002348CE /* FinalizedBalanceView.swift */,
				96E3CC4C2948B844002348CE /* BalanceRowDetailView.swift */,
				962CC0FF2968895D00E1F4C2 /* ProfileSideMenuView.swift */,
				962CC105296CA0DB00E1F4C2 /* SelectProfileView.swift */,
			);
			path = Views;
			sourceTree = "<group>";
		};
		96E3CC432948A08F002348CE /* Models */ = {
			isa = PBXGroup;
			children = (
				96E3CC462948A4DF002348CE /* AdditionModel.swift */,
				962CC101296A0D0700E1F4C2 /* ProfileModel.swift */,
			);
			path = Models;
			sourceTree = "<group>";
		};
		96E3CC4E2948C471002348CE /* ViewModels */ = {
			isa = PBXGroup;
			children = (
				96E3CC4F2948C4BA002348CE /* BalanceViewModel.swift */,
				962CC103296A0D7200E1F4C2 /* ProfileViewModel.swift */,
			);
			path = ViewModels;
			sourceTree = "<group>";
		};
/* End PBXGroup section */

/* Begin PBXNativeTarget section */
		96E3CC302948A053002348CE /* Balance Manager */ = {
			isa = PBXNativeTarget;
			buildConfigurationList = 96E3CC3F2948A055002348CE /* Build configuration list for PBXNativeTarget "Balance Manager" */;
			buildPhases = (
				96E3CC2D2948A053002348CE /* Sources */,
				96E3CC2E2948A053002348CE /* Frameworks */,
				96E3CC2F2948A053002348CE /* Resources */,
			);
			buildRules = (
			);
			dependencies = (
			);
			name = "Balance Manager";
			productName = "Balance Manager";
			productReference = 96E3CC312948A053002348CE /* Balance Manager.app */;
			productType = "com.apple.product-type.application";
		};
/* End PBXNativeTarget section */

/* Begin PBXProject section */
		96E3CC292948A053002348CE /* Project object */ = {
			isa = PBXProject;
			attributes = {
				BuildIndependentTargetsInParallel = 1;
				LastSwiftUpdateCheck = 1410;
				LastUpgradeCheck = 1410;
				TargetAttributes = {
					96E3CC302948A053002348CE = {
						CreatedOnToolsVersion = 14.1;
					};
				};
			};
			buildConfigurationList = 96E3CC2C2948A053002348CE /* Build configuration list for PBXProject "Balance Manager" */;
			compatibilityVersion = "Xcode 14.0";
			developmentRegion = en;
			hasScannedForEncodings = 0;
			knownRegions = (
				en,
				Base,
			);
			mainGroup = 96E3CC282948A053002348CE;
			productRefGroup = 96E3CC322948A053002348CE /* Products */;
			projectDirPath = "";
			projectRoot = "";
			targets = (
				96E3CC302948A053002348CE /* Balance Manager */,
			);
		};
/* End PBXProject section */

/* Begin PBXResourcesBuildPhase section */
		96E3CC2F2948A053002348CE /* Resources */ = {
			isa = PBXResourcesBuildPhase;
			buildActionMask = 2147483647;
			files = (
				96E3CC3C2948A055002348CE /* Preview Assets.xcassets in Resources */,
				96E3CC392948A055002348CE /* Assets.xcassets in Resources */,
			);
			runOnlyForDeploymentPostprocessing = 0;
		};
/* End PBXResourcesBuildPhase section */

/* Begin PBXSourcesBuildPhase section */
		96E3CC2D2948A053002348CE /* Sources */ = {
			isa = PBXSourcesBuildPhase;
			buildActionMask = 2147483647;
			files = (
				962CC102296A0D0700E1F4C2 /* ProfileModel.swift in Sources */,
				96E3CC492948A8F6002348CE /* BalanceRowView.swift in Sources */,
				96E3CC352948A053002348CE /* Balance_ManagerApp.swift in Sources */,
				962CC104296A0D7200E1F4C2 /* ProfileViewModel.swift in Sources */,
				962CC1002968895D00E1F4C2 /* ProfileSideMenuView.swift in Sources */,
				96E3CC502948C4BA002348CE /* BalanceViewModel.swift in Sources */,
				96E3CC4B2948A9A3002348CE /* FinalizedBalanceView.swift in Sources */,
				96E3CC472948A4DF002348CE /* AdditionModel.swift in Sources */,
				96E3CC452948A0A9002348CE /* BalanceView.swift in Sources */,
				962CC106296CA0DB00E1F4C2 /* SelectProfileView.swift in Sources */,
				96E3CC4D2948B845002348CE /* BalanceRowDetailView.swift in Sources */,
			);
			runOnlyForDeploymentPostprocessing = 0;
		};
/* End PBXSourcesBuildPhase section */

/* Begin XCBuildConfiguration section */
		96E3CC3D2948A055002348CE /* Debug */ = {
			isa = XCBuildConfiguration;
			buildSettings = {
				ALWAYS_SEARCH_USER_PATHS = NO;
				CLANG_ANALYZER_NONNULL = YES;
				CLANG_ANALYZER_NUMBER_OBJECT_CONVERSION = YES_AGGRESSIVE;
				CLANG_CXX_LANGUAGE_STANDARD = "gnu++20";
				CLANG_ENABLE_MODULES = YES;
				CLANG_ENABLE_OBJC_ARC = YES;
				CLANG_ENABLE_OBJC_WEAK = YES;
				CLANG_WARN_BLOCK_CAPTURE_AUTORELEASING = YES;
				CLANG_WARN_BOOL_CONVERSION = YES;
				CLANG_WARN_COMMA = YES;
				CLANG_WARN_CONSTANT_CONVERSION = YES;
				CLANG_WARN_DEPRECATED_OBJC_IMPLEMENTATIONS = YES;
				CLANG_WARN_DIRECT_OBJC_ISA_USAGE = YES_ERROR;
				CLANG_WARN_DOCUMENTATION_COMMENTS = YES;
				CLANG_WARN_EMPTY_BODY = YES;
				CLANG_WARN_ENUM_CONVERSION = YES;
				CLANG_WARN_INFINITE_RECURSION = YES;
				CLANG_WARN_INT_CONVERSION = YES;
				CLANG_WARN_NON_LITERAL_NULL_CONVERSION = YES;
				CLANG_WARN_OBJC_IMPLICIT_RETAIN_SELF = YES;
				CLANG_WARN_OBJC_LITERAL_CONVERSION = YES;
				CLANG_WARN_OBJC_ROOT_CLASS = YES_ERROR;
				CLANG_WARN_QUOTED_INCLUDE_IN_FRAMEWORK_HEADER = YES;
				CLANG_WARN_RANGE_LOOP_ANALYSIS = YES;
				CLANG_WARN_STRICT_PROTOTYPES = YES;
				CLANG_WARN_SUSPICIOUS_MOVE = YES;
				CLANG_WARN_UNGUARDED_AVAILABILITY = YES_AGGRESSIVE;
				CLANG_WARN_UNREACHABLE_CODE = YES;
				CLANG_WARN__DUPLICATE_METHOD_MATCH = YES;
				COPY_PHASE_STRIP = NO;
				DEBUG_INFORMATION_FORMAT = dwarf;
				ENABLE_STRICT_OBJC_MSGSEND = YES;
				ENABLE_TESTABILITY = YES;
				GCC_C_LANGUAGE_STANDARD = gnu11;
				GCC_DYNAMIC_NO_PIC = NO;
				GCC_NO_COMMON_BLOCKS = YES;
				GCC_OPTIMIZATION_LEVEL = 0;
				GCC_PREPROCESSOR_DEFINITIONS = (
					"DEBUG=1",
					"$(inherited)",
				);
				GCC_WARN_64_TO_32_BIT_CONVERSION = YES;
				GCC_WARN_ABOUT_RETURN_TYPE = YES_ERROR;
				GCC_WARN_UNDECLARED_SELECTOR = YES;
				GCC_WARN_UNINITIALIZED_AUTOS = YES_AGGRESSIVE;
				GCC_WARN_UNUSED_FUNCTION = YES;
				GCC_WARN_UNUSED_VARIABLE = YES;
				IPHONEOS_DEPLOYMENT_TARGET = 16.1;
				MTL_ENABLE_DEBUG_INFO = INCLUDE_SOURCE;
				MTL_FAST_MATH = YES;
				ONLY_ACTIVE_ARCH = YES;
				SDKROOT = iphoneos;
				SWIFT_ACTIVE_COMPILATION_CONDITIONS = DEBUG;
				SWIFT_OPTIMIZATION_LEVEL = "-Onone";
			};
			name = Debug;
		};
		96E3CC3E2948A055002348CE /* Release */ = {
			isa = XCBuildConfiguration;
			buildSettings = {
				ALWAYS_SEARCH_USER_PATHS = NO;
				CLANG_ANALYZER_NONNULL = YES;
				CLANG_ANALYZER_NUMBER_OBJECT_CONVERSION = YES_AGGRESSIVE;
				CLANG_CXX_LANGUAGE_STANDARD = "gnu++20";
				CLANG_ENABLE_MODULES = YES;
				CLANG_ENABLE_OBJC_ARC = YES;
				CLANG_ENABLE_OBJC_WEAK = YES;
				CLANG_WARN_BLOCK_CAPTURE_AUTORELEASING = YES;
				CLANG_WARN_BOOL_CONVERSION = YES;
				CLANG_WARN_COMMA = YES;
				CLANG_WARN_CONSTANT_CONVERSION = YES;
				CLANG_WARN_DEPRECATED_OBJC_IMPLEMENTATIONS = YES;
				CLANG_WARN_DIRECT_OBJC_ISA_USAGE = YES_ERROR;
				CLANG_WARN_DOCUMENTATION_COMMENTS = YES;
				CLANG_WARN_EMPTY_BODY = YES;
				CLANG_WARN_ENUM_CONVERSION = YES;
				CLANG_WARN_INFINITE_RECURSION = YES;
				CLANG_WARN_INT_CONVERSION = YES;
				CLANG_WARN_NON_LITERAL_NULL_CONVERSION = YES;
				CLANG_WARN_OBJC_IMPLICIT_RETAIN_SELF = YES;
				CLANG_WARN_OBJC_LITERAL_CONVERSION = YES;
				CLANG_WARN_OBJC_ROOT_CLASS = YES_ERROR;
				CLANG_WARN_QUOTED_INCLUDE_IN_FRAMEWORK_HEADER = YES;
				CLANG_WARN_RANGE_LOOP_ANALYSIS = YES;
				CLANG_WARN_STRICT_PROTOTYPES = YES;
				CLANG_WARN_SUSPICIOUS_MOVE = YES;
				CLANG_WARN_UNGUARDED_AVAILABILITY = YES_AGGRESSIVE;
				CLANG_WARN_UNREACHABLE_CODE = YES;
				CLANG_WARN__DUPLICATE_METHOD_MATCH = YES;
				COPY_PHASE_STRIP = NO;
				DEBUG_INFORMATION_FORMAT = "dwarf-with-dsym";
				ENABLE_NS_ASSERTIONS = NO;
				ENABLE_STRICT_OBJC_MSGSEND = YES;
				GCC_C_LANGUAGE_STANDARD = gnu11;
				GCC_NO_COMMON_BLOCKS = YES;
				GCC_WARN_64_TO_32_BIT_CONVERSION = YES;
				GCC_WARN_ABOUT_RETURN_TYPE = YES_ERROR;
				GCC_WARN_UNDECLARED_SELECTOR = YES;
				GCC_WARN_UNINITIALIZED_AUTOS = YES_AGGRESSIVE;
				GCC_WARN_UNUSED_FUNCTION = YES;
				GCC_WARN_UNUSED_VARIABLE = YES;
				IPHONEOS_DEPLOYMENT_TARGET = 16.1;
				MTL_ENABLE_DEBUG_INFO = NO;
				MTL_FAST_MATH = YES;
				SDKROOT = iphoneos;
				SWIFT_COMPILATION_MODE = wholemodule;
				SWIFT_OPTIMIZATION_LEVEL = "-O";
				VALIDATE_PRODUCT = YES;
			};
			name = Release;
		};
		96E3CC402948A055002348CE /* Debug */ = {
			isa = XCBuildConfiguration;
			buildSettings = {
				ASSETCATALOG_COMPILER_APPICON_NAME = AppIcon;
				ASSETCATALOG_COMPILER_GLOBAL_ACCENT_COLOR_NAME = AccentColor;
				CODE_SIGN_STYLE = Automatic;
				CURRENT_PROJECT_VERSION = 15;
				DEVELOPMENT_ASSET_PATHS = "\"Balance Manager/Preview Content\"";
				DEVELOPMENT_TEAM = Q795WXF4MM;
				ENABLE_PREVIEWS = YES;
				GENERATE_INFOPLIST_FILE = YES;
				INFOPLIST_KEY_CFBundleDisplayName = "Balance Manager";
				INFOPLIST_KEY_LSApplicationCategoryType = "public.app-category.finance";
				INFOPLIST_KEY_UIApplicationSceneManifest_Generation = YES;
				INFOPLIST_KEY_UIApplicationSupportsIndirectInputEvents = YES;
				INFOPLIST_KEY_UILaunchScreen_Generation = YES;
				INFOPLIST_KEY_UIRequiresFullScreen = YES;
				INFOPLIST_KEY_UIStatusBarStyle = UIStatusBarStyleDarkContent;
				INFOPLIST_KEY_UISupportedInterfaceOrientations = "UIInterfaceOrientationLandscapeLeft UIInterfaceOrientationLandscapeRight UIInterfaceOrientationPortrait UIInterfaceOrientationPortraitUpsideDown";
				IPHONEOS_DEPLOYMENT_TARGET = 15.0;
				LD_RUNPATH_SEARCH_PATHS = (
					"$(inherited)",
					"@executable_path/Frameworks",
				);
				MARKETING_VERSION = 1.1;
				PRODUCT_BUNDLE_IDENTIFIER = "rjwannabefit.Balance-Manager";
				PRODUCT_NAME = "$(TARGET_NAME)";
				SUPPORTED_PLATFORMS = "iphoneos iphonesimulator";
				SUPPORTS_MACCATALYST = NO;
				SUPPORTS_MAC_DESIGNED_FOR_IPHONE_IPAD = NO;
				SWIFT_EMIT_LOC_STRINGS = YES;
				SWIFT_VERSION = 5.0;
				TARGETED_DEVICE_FAMILY = "1,2";
			};
			name = Debug;
		};
		96E3CC412948A055002348CE /* Release */ = {
			isa = XCBuildConfiguration;
			buildSettings = {
				ASSETCATALOG_COMPILER_APPICON_NAME = AppIcon;
				ASSETCATALOG_COMPILER_GLOBAL_ACCENT_COLOR_NAME = AccentColor;
				CODE_SIGN_STYLE = Automatic;
				CURRENT_PROJECT_VERSION = 15;
				DEVELOPMENT_ASSET_PATHS = "\"Balance Manager/Preview Content\"";
				DEVELOPMENT_TEAM = Q795WXF4MM;
				ENABLE_PREVIEWS = YES;
				GENERATE_INFOPLIST_FILE = YES;
				INFOPLIST_KEY_CFBundleDisplayName = "Balance Manager";
				INFOPLIST_KEY_LSApplicationCategoryType = "public.app-category.finance";
				INFOPLIST_KEY_UIApplicationSceneManifest_Generation = YES;
				INFOPLIST_KEY_UIApplicationSupportsIndirectInputEvents = YES;
				INFOPLIST_KEY_UILaunchScreen_Generation = YES;
				INFOPLIST_KEY_UIRequiresFullScreen = YES;
				INFOPLIST_KEY_UIStatusBarStyle = UIStatusBarStyleDarkContent;
				INFOPLIST_KEY_UISupportedInterfaceOrientations = "UIInterfaceOrientationLandscapeLeft UIInterfaceOrientationLandscapeRight UIInterfaceOrientationPortrait UIInterfaceOrientationPortraitUpsideDown";
				IPHONEOS_DEPLOYMENT_TARGET = 15.0;
				LD_RUNPATH_SEARCH_PATHS = (
					"$(inherited)",
					"@executable_path/Frameworks",
				);
				MARKETING_VERSION = 1.1;
				PRODUCT_BUNDLE_IDENTIFIER = "rjwannabefit.Balance-Manager";
				PRODUCT_NAME = "$(TARGET_NAME)";
				SUPPORTED_PLATFORMS = "iphoneos iphonesimulator";
				SUPPORTS_MACCATALYST = NO;
				SUPPORTS_MAC_DESIGNED_FOR_IPHONE_IPAD = NO;
				SWIFT_EMIT_LOC_STRINGS = YES;
				SWIFT_VERSION = 5.0;
				TARGETED_DEVICE_FAMILY = "1,2";
			};
			name = Release;
		};
/* End XCBuildConfiguration section */

/* Begin XCConfigurationList section */
		96E3CC2C2948A053002348CE /* Build configuration list for PBXProject "Balance Manager" */ = {
			isa = XCConfigurationList;
			buildConfigurations = (
				96E3CC3D2948A055002348CE /* Debug */,
				96E3CC3E2948A055002348CE /* Release */,
			);
			defaultConfigurationIsVisible = 0;
			defaultConfigurationName = Release;
		};
		96E3CC3F2948A055002348CE /* Build configuration list for PBXNativeTarget "Balance Manager" */ = {
			isa = XCConfigurationList;
			buildConfigurations = (
				96E3CC402948A055002348CE /* Debug */,
				96E3CC412948A055002348CE /* Release */,
			);
			defaultConfigurationIsVisible = 0;
			defaultConfigurationName = Release;
		};
/* End XCConfigurationList section */
	};
	rootObject = 96E3CC292948A053002348CE /* Project object */;
}
